{
  "requires": true,
  "lockfileVersion": 1,
  "dependencies": {
    "luch-request": {
      "version": "2.0.0",
      "resolved": "https://registry.npmjs.org/luch-request/-/luch-request-2.0.0.tgz",
      "integrity": "sha512-zyONGkFnlW44mgKsAqwzO1umRx2inWWZfZ1GwVyaJHe+zZnvQfW1AUufL065cbbMyrYYKudcsoyrKHhQCPkFgQ=="
    },
    "uni-axios-ts": {
      "version": "0.0.5",
      "resolved": "https://registry.npmjs.org/uni-axios-ts/-/uni-axios-ts-0.0.5.tgz",
      "integrity": "sha512-VFMUhWaMJVDulc2hhqNNXl3e8uVDUyNGoJM04gkNN79CH6dD07wYY0dEuQ9ybnGB8mu8W/jbgLYPmMA3TBNvyQ=="
    }
  }
}
